// !$*UTF8*$!
{
	archiveVersion = 1;
	classes = {
	};
	objectVersion = 56;
	objects = {

/* Begin PBXBuildFile section */
		542E1AA12B7A9F8300DAAE78 /* AppDelegate.swift in Sources */ = {isa = PBXBuildFile; fileRef = 542E1AA02B7A9F8300DAAE78 /* AppDelegate.swift */; };
		542E1AA32B7A9F8300DAAE78 /* SceneDelegate.swift in Sources */ = {isa = PBXBuildFile; fileRef = 542E1AA22B7A9F8300DAAE78 /* SceneDelegate.swift */; };
		542E1AA52B7A9F8300DAAE78 /* WeatherViewController.swift in Sources */ = {isa = PBXBuildFile; fileRef = 542E1AA42B7A9F8300DAAE78 /* WeatherViewController.swift */; };
		542E1AA82B7A9F8300DAAE78 /* Main.storyboard in Resources */ = {isa = PBXBuildFile; fileRef = 542E1AA62B7A9F8300DAAE78 /* Main.storyboard */; };
		542E1AAA2B7A9F8500DAAE78 /* Assets.xcassets in Resources */ = {isa = PBXBuildFile; fileRef = 542E1AA92B7A9F8500DAAE78 /* Assets.xcassets */; };
		542E1AAD2B7A9F8500DAAE78 /* LaunchScreen.storyboard in Resources */ = {isa = PBXBuildFile; fileRef = 542E1AAB2B7A9F8500DAAE78 /* LaunchScreen.storyboard */; };
		542E1AB62B7AA0D600DAAE78 /* dark_background.pdf in Resources */ = {isa = PBXBuildFile; fileRef = 542E1AB42B7AA0D600DAAE78 /* dark_background.pdf */; };
		542E1AB72B7AA0D600DAAE78 /* light_background.pdf in Resources */ = {isa = PBXBuildFile; fileRef = 542E1AB52B7AA0D600DAAE78 /* light_background.pdf */; };
		542E1ABA2B7ACC5C00DAAE78 /* WeatherManager.swift in Sources */ = {isa = PBXBuildFile; fileRef = 542E1AB92B7ACC5C00DAAE78 /* WeatherManager.swift */; };
		542E1ABC2B7AD09000DAAE78 /* WeatherData.swift in Sources */ = {isa = PBXBuildFile; fileRef = 542E1ABB2B7AD09000DAAE78 /* WeatherData.swift */; };
		542E1ABE2B7AD3BC00DAAE78 /* WeatherModel.swift in Sources */ = {isa = PBXBuildFile; fileRef = 542E1ABD2B7AD3BC00DAAE78 /* WeatherModel.swift */; };
/* End PBXBuildFile section */

/* Begin PBXFileReference section */
		542E1A9D2B7A9F8300DAAE78 /* WeatherBook.app */ = {isa = PBXFileReference; explicitFileType = wrapper.application; includeInIndex = 0; path = WeatherBook.app; sourceTree = BUILT_PRODUCTS_DIR; };
		542E1AA02B7A9F8300DAAE78 /* AppDelegate.swift */ = {isa = PBXFileReference; lastKnownFileType = sourcecode.swift; path = AppDelegate.swift; sourceTree = "<group>"; };
		542E1AA22B7A9F8300DAAE78 /* SceneDelegate.swift */ = {isa = PBXFileReference; lastKnownFileType = sourcecode.swift; path = SceneDelegate.swift; sourceTree = "<group>"; };
		542E1AA42B7A9F8300DAAE78 /* WeatherViewController.swift */ = {isa = PBXFileReference; lastKnownFileType = sourcecode.swift; path = WeatherViewController.swift; sourceTree = "<group>"; };
		542E1AA72B7A9F8300DAAE78 /* Base */ = {isa = PBXFileReference; lastKnownFileType = file.storyboard; name = Base; path = Base.lproj/Main.storyboard; sourceTree = "<group>"; };
		542E1AA92B7A9F8500DAAE78 /* Assets.xcassets */ = {isa = PBXFileReference; lastKnownFileType = folder.assetcatalog; path = Assets.xcassets; sourceTree = "<group>"; };
		542E1AAC2B7A9F8500DAAE78 /* Base */ = {isa = PBXFileReference; lastKnownFileType = file.storyboard; name = Base; path = Base.lproj/LaunchScreen.storyboard; sourceTree = "<group>"; };
		542E1AAE2B7A9F8500DAAE78 /* Info.plist */ = {isa = PBXFileReference; lastKnownFileType = text.plist.xml; path = Info.plist; sourceTree = "<group>"; };
		542E1AB42B7AA0D600DAAE78 /* dark_background.pdf */ = {isa = PBXFileReference; lastKnownFileType = image.pdf; path = dark_background.pdf; sourceTree = "<group>"; };
		542E1AB52B7AA0D600DAAE78 /* light_background.pdf */ = {isa = PBXFileReference; lastKnownFileType = image.pdf; path = light_background.pdf; sourceTree = "<group>"; };
		542E1AB92B7ACC5C00DAAE78 /* WeatherManager.swift */ = {isa = PBXFileReference; lastKnownFileType = sourcecode.swift; path = WeatherManager.swift; sourceTree = "<group>"; };
		542E1ABB2B7AD09000DAAE78 /* WeatherData.swift */ = {isa = PBXFileReference; lastKnownFileType = sourcecode.swift; path = WeatherData.swift; sourceTree = "<group>"; };
		542E1ABD2B7AD3BC00DAAE78 /* WeatherModel.swift */ = {isa = PBXFileReference; lastKnownFileType = sourcecode.swift; path = WeatherModel.swift; sourceTree = "<group>"; };
/* End PBXFileReference section */

/* Begin PBXFrameworksBuildPhase section */
		542E1A9A2B7A9F8300DAAE78 /* Frameworks */ = {
			isa = PBXFrameworksBuildPhase;
			buildActionMask = 2147483647;
			files = (
			);
			runOnlyForDeploymentPostprocessing = 0;
		};
/* End PBXFrameworksBuildPhase section */

/* Begin PBXGroup section */
		542E1A942B7A9F8300DAAE78 = {
			isa = PBXGroup;
			children = (
				542E1A9F2B7A9F8300DAAE78 /* WeatherBook */,
				542E1A9E2B7A9F8300DAAE78 /* Products */,
			);
			sourceTree = "<group>";
		};
		542E1A9E2B7A9F8300DAAE78 /* Products */ = {
			isa = PBXGroup;
			children = (
				542E1A9D2B7A9F8300DAAE78 /* WeatherBook.app */,
			);
			name = Products;
			sourceTree = "<group>";
		};
		542E1A9F2B7A9F8300DAAE78 /* WeatherBook */ = {
			isa = PBXGroup;
			children = (
				542E1AB82B7ACC4900DAAE78 /* Model */,
				542E1AA02B7A9F8300DAAE78 /* AppDelegate.swift */,
				542E1AA22B7A9F8300DAAE78 /* SceneDelegate.swift */,
				542E1AA42B7A9F8300DAAE78 /* WeatherViewController.swift */,
				542E1AA62B7A9F8300DAAE78 /* Main.storyboard */,
				542E1AA92B7A9F8500DAAE78 /* Assets.xcassets */,
				542E1AAB2B7A9F8500DAAE78 /* LaunchScreen.storyboard */,
				542E1AB42B7AA0D600DAAE78 /* dark_background.pdf */,
				542E1AB52B7AA0D600DAAE78 /* light_background.pdf */,
				542E1AAE2B7A9F8500DAAE78 /* Info.plist */,
			);
			path = WeatherBook;
			sourceTree = "<group>";
		};
		542E1AB82B7ACC4900DAAE78 /* Model */ = {
			isa = PBXGroup;
			children = (
				542E1AB92B7ACC5C00DAAE78 /* WeatherManager.swift */,
				542E1ABB2B7AD09000DAAE78 /* WeatherData.swift */,
				542E1ABD2B7AD3BC00DAAE78 /* WeatherModel.swift */,
			);
			path = Model;
			sourceTree = "<group>";
		};
/* End PBXGroup section */

/* Begin PBXNativeTarget section */
		542E1A9C2B7A9F8300DAAE78 /* WeatherBook */ = {
			isa = PBXNativeTarget;
			buildConfigurationList = 542E1AB12B7A9F8500DAAE78 /* Build configuration list for PBXNativeTarget "WeatherBook" */;
			buildPhases = (
				542E1A992B7A9F8300DAAE78 /* Sources */,
				542E1A9A2B7A9F8300DAAE78 /* Frameworks */,
				542E1A9B2B7A9F8300DAAE78 /* Resources */,
			);
			buildRules = (
			);
			dependencies = (
			);
			name = WeatherBook;
			productName = WeatherBook;
			productReference = 542E1A9D2B7A9F8300DAAE78 /* WeatherBook.app */;
			productType = "com.apple.product-type.application";
		};
/* End PBXNativeTarget section */

/* Begin PBXProject section */
		542E1A952B7A9F8300DAAE78 /* Project object */ = {
			isa = PBXProject;
			attributes = {
				BuildIndependentTargetsInParallel = 1;
				LastSwiftUpdateCheck = 1520;
				LastUpgradeCheck = 1520;
				TargetAttributes = {
					542E1A9C2B7A9F8300DAAE78 = {
						CreatedOnToolsVersion = 15.2;
					};
				};
			};
			buildConfigurationList = 542E1A982B7A9F8300DAAE78 /* Build configuration list for PBXProject "WeatherBook" */;
			compatibilityVersion = "Xcode 14.0";
			developmentRegion = en;
			hasScannedForEncodings = 0;
			knownRegions = (
				en,
				Base,
			);
			mainGroup = 542E1A942B7A9F8300DAAE78;
			productRefGroup = 542E1A9E2B7A9F8300DAAE78 /* Products */;
			projectDirPath = "";
			projectRoot = "";
			targets = (
				542E1A9C2B7A9F8300DAAE78 /* WeatherBook */,
			);
		};
/* End PBXProject section */

/* Begin PBXResourcesBuildPhase section */
		542E1A9B2B7A9F8300DAAE78 /* Resources */ = {
			isa = PBXResourcesBuildPhase;
			buildActionMask = 2147483647;
			files = (
				542E1AB72B7AA0D600DAAE78 /* light_background.pdf in Resources */,
				542E1AB62B7AA0D600DAAE78 /* dark_background.pdf in Resources */,
				542E1AAD2B7A9F8500DAAE78 /* LaunchScreen.storyboard in Resources */,
				542E1AAA2B7A9F8500DAAE78 /* Assets.xcassets in Resources */,
				542E1AA82B7A9F8300DAAE78 /* Main.storyboard in Resources */,
			);
			runOnlyForDeploymentPostprocessing = 0;
		};
/* End PBXResourcesBuildPhase section */

/* Begin PBXSourcesBuildPhase section */
		542E1A992B7A9F8300DAAE78 /* Sources */ = {
			isa = PBXSourcesBuildPhase;
			buildActionMask = 2147483647;
			files = (
				542E1AA52B7A9F8300DAAE78 /* WeatherViewController.swift in Sources */,
				542E1ABC2B7AD09000DAAE78 /* WeatherData.swift in Sources */,
				542E1AA12B7A9F8300DAAE78 /* AppDelegate.swift in Sources */,
				542E1ABA2B7ACC5C00DAAE78 /* WeatherManager.swift in Sources */,
				542E1ABE2B7AD3BC00DAAE78 /* WeatherModel.swift in Sources */,
				542E1AA32B7A9F8300DAAE78 /* SceneDelegate.swift in Sources */,
			);
			runOnlyForDeploymentPostprocessing = 0;
		};
/* End PBXSourcesBuildPhase section */

/* Begin PBXVariantGroup section */
		542E1AA62B7A9F8300DAAE78 /* Main.storyboard */ = {
			isa = PBXVariantGroup;
			children = (
				542E1AA72B7A9F8300DAAE78 /* Base */,
			);
			name = Main.storyboard;
			sourceTree = "<group>";
		};
		542E1AAB2B7A9F8500DAAE78 /* LaunchScreen.storyboard */ = {
			isa = PBXVariantGroup;
			children = (
				542E1AAC2B7A9F8500DAAE78 /* Base */,
			);
			name = LaunchScreen.storyboard;
			sourceTree = "<group>";
		};
/* End PBXVariantGroup section */

/* Begin XCBuildConfiguration section */
		542E1AAF2B7A9F8500DAAE78 /* Debug */ = {
			isa = XCBuildConfiguration;
			buildSettings = {
				ALWAYS_SEARCH_USER_PATHS = NO;
				ASSETCATALOG_COMPILER_GENERATE_SWIFT_ASSET_SYMBOL_EXTENSIONS = YES;
				CLANG_ANALYZER_NONNULL = YES;
				CLANG_ANALYZER_NUMBER_OBJECT_CONVERSION = YES_AGGRESSIVE;
				CLANG_CXX_LANGUAGE_STANDARD = "gnu++20";
				CLANG_ENABLE_MODULES = YES;
				CLANG_ENABLE_OBJC_ARC = YES;
				CLANG_ENABLE_OBJC_WEAK = YES;
				CLANG_WARN_BLOCK_CAPTURE_AUTORELEASING = YES;
				CLANG_WARN_BOOL_CONVERSION = YES;
				CLANG_WARN_COMMA = YES;
				CLANG_WARN_CONSTANT_CONVERSION = YES;
				CLANG_WARN_DEPRECATED_OBJC_IMPLEMENTATIONS = YES;
				CLANG_WARN_DIRECT_OBJC_ISA_USAGE = YES_ERROR;
				CLANG_WARN_DOCUMENTATION_COMMENTS = YES;
				CLANG_WARN_EMPTY_BODY = YES;
				CLANG_WARN_ENUM_CONVERSION = YES;
				CLANG_WARN_INFINITE_RECURSION = YES;
				CLANG_WARN_INT_CONVERSION = YES;
				CLANG_WARN_NON_LITERAL_NULL_CONVERSION = YES;
				CLANG_WARN_OBJC_IMPLICIT_RETAIN_SELF = YES;
				CLANG_WARN_OBJC_LITERAL_CONVERSION = YES;
				CLANG_WARN_OBJC_ROOT_CLASS = YES_ERROR;
				CLANG_WARN_QUOTED_INCLUDE_IN_FRAMEWORK_HEADER = YES;
				CLANG_WARN_RANGE_LOOP_ANALYSIS = YES;
				CLANG_WARN_STRICT_PROTOTYPES = YES;
				CLANG_WARN_SUSPICIOUS_MOVE = YES;
				CLANG_WARN_UNGUARDED_AVAILABILITY = YES_AGGRESSIVE;
				CLANG_WARN_UNREACHABLE_CODE = YES;
				CLANG_WARN__DUPLICATE_METHOD_MATCH = YES;
				COPY_PHASE_STRIP = NO;
				DEBUG_INFORMATION_FORMAT = dwarf;
				ENABLE_STRICT_OBJC_MSGSEND = YES;
				ENABLE_TESTABILITY = YES;
				ENABLE_USER_SCRIPT_SANDBOXING = YES;
				GCC_C_LANGUAGE_STANDARD = gnu17;
				GCC_DYNAMIC_NO_PIC = NO;
				GCC_NO_COMMON_BLOCKS = YES;
				GCC_OPTIMIZATION_LEVEL = 0;
				GCC_PREPROCESSOR_DEFINITIONS = (
					"DEBUG=1",
					"$(inherited)",
				);
				GCC_WARN_64_TO_32_BIT_CONVERSION = YES;
				GCC_WARN_ABOUT_RETURN_TYPE = YES_ERROR;
				GCC_WARN_UNDECLARED_SELECTOR = YES;
				GCC_WARN_UNINITIALIZED_AUTOS = YES_AGGRESSIVE;
				GCC_WARN_UNUSED_FUNCTION = YES;
				GCC_WARN_UNUSED_VARIABLE = YES;
				IPHONEOS_DEPLOYMENT_TARGET = 17.2;
				LOCALIZATION_PREFERS_STRING_CATALOGS = YES;
				MTL_ENABLE_DEBUG_INFO = INCLUDE_SOURCE;
				MTL_FAST_MATH = YES;
				ONLY_ACTIVE_ARCH = YES;
				SDKROOT = iphoneos;
				SWIFT_ACTIVE_COMPILATION_CONDITIONS = "DEBUG $(inherited)";
				SWIFT_OPTIMIZATION_LEVEL = "-Onone";
			};
			name = Debug;
		};
		542E1AB02B7A9F8500DAAE78 /* Release */ = {
			isa = XCBuildConfiguration;
			buildSettings = {
				ALWAYS_SEARCH_USER_PATHS = NO;
				ASSETCATALOG_COMPILER_GENERATE_SWIFT_ASSET_SYMBOL_EXTENSIONS = YES;
				CLANG_ANALYZER_NONNULL = YES;
				CLANG_ANALYZER_NUMBER_OBJECT_CONVERSION = YES_AGGRESSIVE;
				CLANG_CXX_LANGUAGE_STANDARD = "gnu++20";
				CLANG_ENABLE_MODULES = YES;
				CLANG_ENABLE_OBJC_ARC = YES;
				CLANG_ENABLE_OBJC_WEAK = YES;
				CLANG_WARN_BLOCK_CAPTURE_AUTORELEASING = YES;
				CLANG_WARN_BOOL_CONVERSION = YES;
				CLANG_WARN_COMMA = YES;
				CLANG_WARN_CONSTANT_CONVERSION = YES;
				CLANG_WARN_DEPRECATED_OBJC_IMPLEMENTATIONS = YES;
				CLANG_WARN_DIRECT_OBJC_ISA_USAGE = YES_ERROR;
				CLANG_WARN_DOCUMENTATION_COMMENTS = YES;
				CLANG_WARN_EMPTY_BODY = YES;
				CLANG_WARN_ENUM_CONVERSION = YES;
				CLANG_WARN_INFINITE_RECURSION = YES;
				CLANG_WARN_INT_CONVERSION = YES;
				CLANG_WARN_NON_LITERAL_NULL_CONVERSION = YES;
				CLANG_WARN_OBJC_IMPLICIT_RETAIN_SELF = YES;
				CLANG_WARN_OBJC_LITERAL_CONVERSION = YES;
				CLANG_WARN_OBJC_ROOT_CLASS = YES_ERROR;
				CLANG_WARN_QUOTED_INCLUDE_IN_FRAMEWORK_HEADER = YES;
				CLANG_WARN_RANGE_LOOP_ANALYSIS = YES;
				CLANG_WARN_STRICT_PROTOTYPES = YES;
				CLANG_WARN_SUSPICIOUS_MOVE = YES;
				CLANG_WARN_UNGUARDED_AVAILABILITY = YES_AGGRESSIVE;
				CLANG_WARN_UNREACHABLE_CODE = YES;
				CLANG_WARN__DUPLICATE_METHOD_MATCH = YES;
				COPY_PHASE_STRIP = NO;
				DEBUG_INFORMATION_FORMAT = "dwarf-with-dsym";
				ENABLE_NS_ASSERTIONS = NO;
				ENABLE_STRICT_OBJC_MSGSEND = YES;
				ENABLE_USER_SCRIPT_SANDBOXING = YES;
				GCC_C_LANGUAGE_STANDARD = gnu17;
				GCC_NO_COMMON_BLOCKS = YES;
				GCC_WARN_64_TO_32_BIT_CONVERSION = YES;
				GCC_WARN_ABOUT_RETURN_TYPE = YES_ERROR;
				GCC_WARN_UNDECLARED_SELECTOR = YES;
				GCC_WARN_UNINITIALIZED_AUTOS = YES_AGGRESSIVE;
				GCC_WARN_UNUSED_FUNCTION = YES;
				GCC_WARN_UNUSED_VARIABLE = YES;
				IPHONEOS_DEPLOYMENT_TARGET = 17.2;
				LOCALIZATION_PREFERS_STRING_CATALOGS = YES;
				MTL_ENABLE_DEBUG_INFO = NO;
				MTL_FAST_MATH = YES;
				SDKROOT = iphoneos;
				SWIFT_COMPILATION_MODE = wholemodule;
				VALIDATE_PRODUCT = YES;
			};
			name = Release;
		};
		542E1AB22B7A9F8500DAAE78 /* Debug */ = {
			isa = XCBuildConfiguration;
			buildSettings = {
				ASSETCATALOG_COMPILER_APPICON_NAME = AppIcon;
				ASSETCATALOG_COMPILER_GLOBAL_ACCENT_COLOR_NAME = AccentColor;
				CODE_SIGN_STYLE = Automatic;
				CURRENT_PROJECT_VERSION = 1;
				GENERATE_INFOPLIST_FILE = YES;
				INFOPLIST_FILE = WeatherBook/Info.plist;
				INFOPLIST_KEY_UIApplicationSupportsIndirectInputEvents = YES;
				INFOPLIST_KEY_UILaunchStoryboardName = LaunchScreen;
				INFOPLIST_KEY_UIMainStoryboardFile = Main;
				INFOPLIST_KEY_UISupportedInterfaceOrientations_iPad = "UIInterfaceOrientationPortrait UIInterfaceOrientationPortraitUpsideDown UIInterfaceOrientationLandscapeLeft UIInterfaceOrientationLandscapeRight";
				INFOPLIST_KEY_UISupportedInterfaceOrientations_iPhone = "UIInterfaceOrientationPortrait UIInterfaceOrientationLandscapeLeft UIInterfaceOrientationLandscapeRight";
				LD_RUNPATH_SEARCH_PATHS = (
					"$(inherited)",
					"@executable_path/Frameworks",
				);
				MARKETING_VERSION = 1.0;
				PRODUCT_BUNDLE_IDENTIFIER = com.learning.WeatherBook;
				PRODUCT_NAME = "$(TARGET_NAME)";
				SWIFT_EMIT_LOC_STRINGS = YES;
				SWIFT_VERSION = 5.0;
				TARGETED_DEVICE_FAMILY = "1,2";
			};
			name = Debug;
		};
		542E1AB32B7A9F8500DAAE78 /* Release */ = {
			isa = XCBuildConfiguration;
			buildSettings = {
				ASSETCATALOG_COMPILER_APPICON_NAME = AppIcon;
				ASSETCATALOG_COMPILER_GLOBAL_ACCENT_COLOR_NAME = AccentColor;
				CODE_SIGN_STYLE = Automatic;
				CURRENT_PROJECT_VERSION = 1;
				GENERATE_INFOPLIST_FILE = YES;
				INFOPLIST_FILE = WeatherBook/Info.plist;
				INFOPLIST_KEY_UIApplicationSupportsIndirectInputEvents = YES;
				INFOPLIST_KEY_UILaunchStoryboardName = LaunchScreen;
				INFOPLIST_KEY_UIMainStoryboardFile = Main;
				INFOPLIST_KEY_UISupportedInterfaceOrientations_iPad = "UIInterfaceOrientationPortrait UIInterfaceOrientationPortraitUpsideDown UIInterfaceOrientationLandscapeLeft UIInterfaceOrientationLandscapeRight";
				INFOPLIST_KEY_UISupportedInterfaceOrientations_iPhone = "UIInterfaceOrientationPortrait UIInterfaceOrientationLandscapeLeft UIInterfaceOrientationLandscapeRight";
				LD_RUNPATH_SEARCH_PATHS = (
					"$(inherited)",
					"@executable_path/Frameworks",
				);
				MARKETING_VERSION = 1.0;
				PRODUCT_BUNDLE_IDENTIFIER = com.learning.WeatherBook;
				PRODUCT_NAME = "$(TARGET_NAME)";
				SWIFT_EMIT_LOC_STRINGS = YES;
				SWIFT_VERSION = 5.0;
				TARGETED_DEVICE_FAMILY = "1,2";
			};
			name = Release;
		};
/* End XCBuildConfiguration section */

/* Begin XCConfigurationList section */
		542E1A982B7A9F8300DAAE78 /* Build configuration list for PBXProject "WeatherBook" */ = {
			isa = XCConfigurationList;
			buildConfigurations = (
				542E1AAF2B7A9F8500DAAE78 /* Debug */,
				542E1AB02B7A9F8500DAAE78 /* Release */,
			);
			defaultConfigurationIsVisible = 0;
			defaultConfigurationName = Release;
		};
		542E1AB12B7A9F8500DAAE78 /* Build configuration list for PBXNativeTarget "WeatherBook" */ = {
			isa = XCConfigurationList;
			buildConfigurations = (
				542E1AB22B7A9F8500DAAE78 /* Debug */,
				542E1AB32B7A9F8500DAAE78 /* Release */,
			);
			defaultConfigurationIsVisible = 0;
			defaultConfigurationName = Release;
		};
/* End XCConfigurationList section */
	};
	rootObject = 542E1A952B7A9F8300DAAE78 /* Project object */;
}
